
Microsoft Visual Studio Solution File, Format Version 12.00
# Visual Studio 15
VisualStudioVersion = 15.0.27703.2026
MinimumVisualStudioVersion = 10.0.40219.1
Project("{FAE04EC0-301F-11D3-BF4B-00C04F79EFBC}") = "ServiceSite", "ServiceSite\ServiceSite.csproj", "{AEE1441A-47FC-4AF5-9F14-8514336BBD70}"
EndProject
Global
	GlobalSection(SolutionConfigurationPlatforms) = preSolution
		Debug|Any CPU = Debug|Any CPU
		Release|Any CPU = Release|Any CPU
	EndGlobalSection
	GlobalSection(ProjectConfigurationPlatforms) = postSolution
		{AEE1441A-47FC-4AF5-9F14-8514336BBD70}.Debug|Any CPU.ActiveCfg = Debug|Any CPU
		{AEE1441A-47FC-4AF5-9F14-8514336BBD70}.Debug|Any CPU.Build.0 = Debug|Any CPU
		{AEE1441A-47FC-4AF5-9F14-8514336BBD70}.Release|Any CPU.ActiveCfg = Release|Any CPU
		{AEE1441A-47FC-4AF5-9F14-8514336BBD70}.Release|Any CPU.Build.0 = Release|Any CPU
	EndGlobalSection
	GlobalSection(SolutionProperties) = preSolution
		HideSolutionNode = FALSE
	EndGlobalSection
	GlobalSection(ExtensibilityGlobals) = postSolution
		SolutionGuid = {4BE8BBF8-B70A-4F76-BDA8-7C130230B6EC}
	EndGlobalSection
EndGlobal
